
Microsoft Visual Studio Solution File, Format Version 12.00
# Visual Studio Version 17
VisualStudioVersion = 17.5.002.0
MinimumVisualStudioVersion = 10.0.40219.1
Project("{2150E333-8FDC-42A3-9474-1A3956D46DE8}") = "lesson 2", "lesson 2", "{425BB147-E977-4530-93D9-916648820120}"
EndProject
Project("{9A19103F-16F7-4668-BE54-9A1E7A4F7556}") = "task1", "lesson 2\task1\task1.csproj", "{62D0558E-E48E-4B64-B453-C9DF10E49CCB}"
EndProject
Project("{9A19103F-16F7-4668-BE54-9A1E7A4F7556}") = "task2", "lesson 2\task2\task2.csproj", "{BEE171B0-21C8-4C6D-94D7-EE30312131B0}"
EndProject
Project("{9A19103F-16F7-4668-BE54-9A1E7A4F7556}") = "task3", "lesson 2\task3\task3.csproj", "{A93CD7BA-2C11-423E-B2AB-60AE491E46ED}"
EndProject
Project("{9A19103F-16F7-4668-BE54-9A1E7A4F7556}") = "task4", "lesson 2\task4\task4.csproj", "{B647FD86-9EAE-4861-87E3-E78C62518D23}"
EndProject
Global
	GlobalSection(SolutionConfigurationPlatforms) = preSolution
		Debug|Any CPU = Debug|Any CPU
		Release|Any CPU = Release|Any CPU
	EndGlobalSection
	GlobalSection(ProjectConfigurationPlatforms) = postSolution
		{62D0558E-E48E-4B64-B453-C9DF10E49CCB}.Debug|Any CPU.ActiveCfg = Debug|Any CPU
		{62D0558E-E48E-4B64-B453-C9DF10E49CCB}.Debug|Any CPU.Build.0 = Debug|Any CPU
		{62D0558E-E48E-4B64-B453-C9DF10E49CCB}.Release|Any CPU.ActiveCfg = Release|Any CPU
		{62D0558E-E48E-4B64-B453-C9DF10E49CCB}.Release|Any CPU.Build.0 = Release|Any CPU
		{BEE171B0-21C8-4C6D-94D7-EE30312131B0}.Debug|Any CPU.ActiveCfg = Debug|Any CPU
		{BEE171B0-21C8-4C6D-94D7-EE30312131B0}.Debug|Any CPU.Build.0 = Debug|Any CPU
		{BEE171B0-21C8-4C6D-94D7-EE30312131B0}.Release|Any CPU.ActiveCfg = Release|Any CPU
		{BEE171B0-21C8-4C6D-94D7-EE30312131B0}.Release|Any CPU.Build.0 = Release|Any CPU
		{A93CD7BA-2C11-423E-B2AB-60AE491E46ED}.Debug|Any CPU.ActiveCfg = Debug|Any CPU
		{A93CD7BA-2C11-423E-B2AB-60AE491E46ED}.Debug|Any CPU.Build.0 = Debug|Any CPU
		{A93CD7BA-2C11-423E-B2AB-60AE491E46ED}.Release|Any CPU.ActiveCfg = Release|Any CPU
		{A93CD7BA-2C11-423E-B2AB-60AE491E46ED}.Release|Any CPU.Build.0 = Release|Any CPU
		{B647FD86-9EAE-4861-87E3-E78C62518D23}.Debug|Any CPU.ActiveCfg = Debug|Any CPU
		{B647FD86-9EAE-4861-87E3-E78C62518D23}.Debug|Any CPU.Build.0 = Debug|Any CPU
		{B647FD86-9EAE-4861-87E3-E78C62518D23}.Release|Any CPU.ActiveCfg = Release|Any CPU
		{B647FD86-9EAE-4861-87E3-E78C62518D23}.Release|Any CPU.Build.0 = Release|Any CPU
	EndGlobalSection
	GlobalSection(SolutionProperties) = preSolution
		HideSolutionNode = FALSE
	EndGlobalSection
	GlobalSection(NestedProjects) = preSolution
		{62D0558E-E48E-4B64-B453-C9DF10E49CCB} = {425BB147-E977-4530-93D9-916648820120}
		{BEE171B0-21C8-4C6D-94D7-EE30312131B0} = {425BB147-E977-4530-93D9-916648820120}
		{A93CD7BA-2C11-423E-B2AB-60AE491E46ED} = {425BB147-E977-4530-93D9-916648820120}
		{B647FD86-9EAE-4861-87E3-E78C62518D23} = {425BB147-E977-4530-93D9-916648820120}
	EndGlobalSection
	GlobalSection(ExtensibilityGlobals) = postSolution
		SolutionGuid = {F81FB055-7034-4EF7-8B32-14EFE1788903}
	EndGlobalSection
EndGlobal
